
Microsoft Visual Studio Solution File, Format Version 12.00
# Visual Studio Version 17
VisualStudioVersion = 17.1.32328.378
MinimumVisualStudioVersion = 10.0.40219.1
Project("{FAE04EC0-301F-11D3-BF4B-00C04F79EFBC}") = "terraformLaunchDk", "terraformLaunchDk\terraformLaunchDk.csproj", "{09A821DE-7F8E-4BCA-B5C3-5691AB7C0396}"
EndProject
Global
	GlobalSection(SolutionConfigurationPlatforms) = preSolution
		Debug|Any CPU = Debug|Any CPU
		Release|Any CPU = Release|Any CPU
	EndGlobalSection
	GlobalSection(ProjectConfigurationPlatforms) = postSolution
		{09A821DE-7F8E-4BCA-B5C3-5691AB7C0396}.Debug|Any CPU.ActiveCfg = Debug|Any CPU
		{09A821DE-7F8E-4BCA-B5C3-5691AB7C0396}.Debug|Any CPU.Build.0 = Debug|Any CPU
		{09A821DE-7F8E-4BCA-B5C3-5691AB7C0396}.Release|Any CPU.ActiveCfg = Release|Any CPU
		{09A821DE-7F8E-4BCA-B5C3-5691AB7C0396}.Release|Any CPU.Build.0 = Release|Any CPU
	EndGlobalSection
	GlobalSection(SolutionProperties) = preSolution
		HideSolutionNode = FALSE
	EndGlobalSection
	GlobalSection(ExtensibilityGlobals) = postSolution
		SolutionGuid = {188E43DE-675E-434F-82A2-9A7720F01066}
	EndGlobalSection
EndGlobal
